
Microsoft Visual Studio Solution File, Format Version 12.00
# Visual Studio Version 16
VisualStudioVersion = 16.0.30503.244
MinimumVisualStudioVersion = 10.0.40219.1
Project("{FAE04EC0-301F-11D3-BF4B-00C04F79EFBC}") = "PEuler8 LargestProductSeries", "PEuler8 LargestProductSeries.csproj", "{90F96277-CDCE-4945-AA67-CFB619AAD1D9}"
EndProject
Global
	GlobalSection(SolutionConfigurationPlatforms) = preSolution
		Debug|Any CPU = Debug|Any CPU
		Release|Any CPU = Release|Any CPU
	EndGlobalSection
	GlobalSection(ProjectConfigurationPlatforms) = postSolution
		{90F96277-CDCE-4945-AA67-CFB619AAD1D9}.Debug|Any CPU.ActiveCfg = Debug|Any CPU
		{90F96277-CDCE-4945-AA67-CFB619AAD1D9}.Debug|Any CPU.Build.0 = Debug|Any CPU
		{90F96277-CDCE-4945-AA67-CFB619AAD1D9}.Release|Any CPU.ActiveCfg = Release|Any CPU
		{90F96277-CDCE-4945-AA67-CFB619AAD1D9}.Release|Any CPU.Build.0 = Release|Any CPU
	EndGlobalSection
	GlobalSection(SolutionProperties) = preSolution
		HideSolutionNode = FALSE
	EndGlobalSection
	GlobalSection(ExtensibilityGlobals) = postSolution
		SolutionGuid = {6EC0F75D-A632-4652-BD19-6A9969AE78F7}
	EndGlobalSection
EndGlobal
