
Microsoft Visual Studio Solution File, Format Version 12.00
# Visual Studio Version 16
VisualStudioVersion = 16.0.30503.244
MinimumVisualStudioVersion = 10.0.40219.1
Project("{FAE04EC0-301F-11D3-BF4B-00C04F79EFBC}") = "PEuler9 Pythagorean triplet", "PEuler9 Pythagorean triplet.csproj", "{27DA2815-D95D-4B77-8358-CA006AE2BEEB}"
EndProject
Global
	GlobalSection(SolutionConfigurationPlatforms) = preSolution
		Debug|Any CPU = Debug|Any CPU
		Release|Any CPU = Release|Any CPU
	EndGlobalSection
	GlobalSection(ProjectConfigurationPlatforms) = postSolution
		{27DA2815-D95D-4B77-8358-CA006AE2BEEB}.Debug|Any CPU.ActiveCfg = Debug|Any CPU
		{27DA2815-D95D-4B77-8358-CA006AE2BEEB}.Debug|Any CPU.Build.0 = Debug|Any CPU
		{27DA2815-D95D-4B77-8358-CA006AE2BEEB}.Release|Any CPU.ActiveCfg = Release|Any CPU
		{27DA2815-D95D-4B77-8358-CA006AE2BEEB}.Release|Any CPU.Build.0 = Release|Any CPU
	EndGlobalSection
	GlobalSection(SolutionProperties) = preSolution
		HideSolutionNode = FALSE
	EndGlobalSection
	GlobalSection(ExtensibilityGlobals) = postSolution
		SolutionGuid = {D8178564-B787-4E27-BA01-D163D7ADE3AE}
	EndGlobalSection
EndGlobal
