
Microsoft Visual Studio Solution File, Format Version 12.00
# Visual Studio Version 16
VisualStudioVersion = 16.0.30503.244
MinimumVisualStudioVersion = 10.0.40219.1
Project("{9A19103F-16F7-4668-BE54-9A1E7A4F7556}") = "CircusTrein", "CircusTrein.csproj", "{5A282D31-E1C6-4F2C-B53B-6ADFE2E222E8}"
EndProject
Project("{FAE04EC0-301F-11D3-BF4B-00C04F79EFBC}") = "CircusTrein.Test", "..\CircusTrein.Test\CircusTrein.Test.csproj", "{DA5999C3-4083-4CE2-84D2-4F3CB8978E61}"
EndProject
Global
	GlobalSection(SolutionConfigurationPlatforms) = preSolution
		Debug|Any CPU = Debug|Any CPU
		Release|Any CPU = Release|Any CPU
	EndGlobalSection
	GlobalSection(ProjectConfigurationPlatforms) = postSolution
		{5A282D31-E1C6-4F2C-B53B-6ADFE2E222E8}.Debug|Any CPU.ActiveCfg = Debug|Any CPU
		{5A282D31-E1C6-4F2C-B53B-6ADFE2E222E8}.Debug|Any CPU.Build.0 = Debug|Any CPU
		{5A282D31-E1C6-4F2C-B53B-6ADFE2E222E8}.Release|Any CPU.ActiveCfg = Release|Any CPU
		{5A282D31-E1C6-4F2C-B53B-6ADFE2E222E8}.Release|Any CPU.Build.0 = Release|Any CPU
		{DA5999C3-4083-4CE2-84D2-4F3CB8978E61}.Debug|Any CPU.ActiveCfg = Debug|Any CPU
		{DA5999C3-4083-4CE2-84D2-4F3CB8978E61}.Debug|Any CPU.Build.0 = Debug|Any CPU
		{DA5999C3-4083-4CE2-84D2-4F3CB8978E61}.Release|Any CPU.ActiveCfg = Release|Any CPU
		{DA5999C3-4083-4CE2-84D2-4F3CB8978E61}.Release|Any CPU.Build.0 = Release|Any CPU
	EndGlobalSection
	GlobalSection(SolutionProperties) = preSolution
		HideSolutionNode = FALSE
	EndGlobalSection
	GlobalSection(ExtensibilityGlobals) = postSolution
		SolutionGuid = {94003D9D-DB1F-47EA-AD67-344CC5E51F73}
	EndGlobalSection
EndGlobal
